
Microsoft Visual Studio Solution File, Format Version 12.00
# Visual Studio Version 17
VisualStudioVersion = 17.11.35327.3
MinimumVisualStudioVersion = 10.0.40219.1
Project("{9A19103F-16F7-4668-BE54-9A1E7A4F7556}") = "Bank.Api", "Bank.Api\Bank.Api.csproj", "{7207D14E-9B23-47B8-93F9-53CF77F1ABFC}"
EndProject
Project("{9A19103F-16F7-4668-BE54-9A1E7A4F7556}") = "Domain", "Domain\Domain.csproj", "{D5E0397E-6BE1-40D1-B073-462D66A55EA7}"
EndProject
Project("{9A19103F-16F7-4668-BE54-9A1E7A4F7556}") = "Application", "Application\Application.csproj", "{E5EA0D64-4D5D-4956-954A-B0FCF2137219}"
EndProject
Project("{9A19103F-16F7-4668-BE54-9A1E7A4F7556}") = "Infrastructure", "Contracts\Infrastructure.csproj", "{4E4B2DA8-E16D-41BE-B62C-C08B4A6D0CD8}"
EndProject
Project("{FAE04EC0-301F-11D3-BF4B-00C04F79EFBC}") = "BankTest", "BankTest\BankTest.csproj", "{C8E7B014-96F1-40B0-8C19-EDA679CF32DF}"
EndProject
Global
	GlobalSection(SolutionConfigurationPlatforms) = preSolution
		Debug|Any CPU = Debug|Any CPU
		Release|Any CPU = Release|Any CPU
	EndGlobalSection
	GlobalSection(ProjectConfigurationPlatforms) = postSolution
		{7207D14E-9B23-47B8-93F9-53CF77F1ABFC}.Debug|Any CPU.ActiveCfg = Debug|Any CPU
		{7207D14E-9B23-47B8-93F9-53CF77F1ABFC}.Debug|Any CPU.Build.0 = Debug|Any CPU
		{7207D14E-9B23-47B8-93F9-53CF77F1ABFC}.Release|Any CPU.ActiveCfg = Release|Any CPU
		{7207D14E-9B23-47B8-93F9-53CF77F1ABFC}.Release|Any CPU.Build.0 = Release|Any CPU
		{D5E0397E-6BE1-40D1-B073-462D66A55EA7}.Debug|Any CPU.ActiveCfg = Debug|Any CPU
		{D5E0397E-6BE1-40D1-B073-462D66A55EA7}.Debug|Any CPU.Build.0 = Debug|Any CPU
		{D5E0397E-6BE1-40D1-B073-462D66A55EA7}.Release|Any CPU.ActiveCfg = Release|Any CPU
		{D5E0397E-6BE1-40D1-B073-462D66A55EA7}.Release|Any CPU.Build.0 = Release|Any CPU
		{E5EA0D64-4D5D-4956-954A-B0FCF2137219}.Debug|Any CPU.ActiveCfg = Debug|Any CPU
		{E5EA0D64-4D5D-4956-954A-B0FCF2137219}.Debug|Any CPU.Build.0 = Debug|Any CPU
		{E5EA0D64-4D5D-4956-954A-B0FCF2137219}.Release|Any CPU.ActiveCfg = Release|Any CPU
		{E5EA0D64-4D5D-4956-954A-B0FCF2137219}.Release|Any CPU.Build.0 = Release|Any CPU
		{4E4B2DA8-E16D-41BE-B62C-C08B4A6D0CD8}.Debug|Any CPU.ActiveCfg = Debug|Any CPU
		{4E4B2DA8-E16D-41BE-B62C-C08B4A6D0CD8}.Debug|Any CPU.Build.0 = Debug|Any CPU
		{4E4B2DA8-E16D-41BE-B62C-C08B4A6D0CD8}.Release|Any CPU.ActiveCfg = Release|Any CPU
		{4E4B2DA8-E16D-41BE-B62C-C08B4A6D0CD8}.Release|Any CPU.Build.0 = Release|Any CPU
		{C8E7B014-96F1-40B0-8C19-EDA679CF32DF}.Debug|Any CPU.ActiveCfg = Debug|Any CPU
		{C8E7B014-96F1-40B0-8C19-EDA679CF32DF}.Debug|Any CPU.Build.0 = Debug|Any CPU
		{C8E7B014-96F1-40B0-8C19-EDA679CF32DF}.Release|Any CPU.ActiveCfg = Release|Any CPU
		{C8E7B014-96F1-40B0-8C19-EDA679CF32DF}.Release|Any CPU.Build.0 = Release|Any CPU
	EndGlobalSection
	GlobalSection(SolutionProperties) = preSolution
		HideSolutionNode = FALSE
	EndGlobalSection
	GlobalSection(ExtensibilityGlobals) = postSolution
		SolutionGuid = {2CAA4289-E375-4420-9D20-80347BAFF309}
	EndGlobalSection
EndGlobal
